
Microsoft Visual Studio Solution File, Format Version 12.00
# Visual Studio Version 17
VisualStudioVersion = 17.14.36414.22 d17.14
MinimumVisualStudioVersion = 10.0.40219.1
Project("{FAE04EC0-301F-11D3-BF4B-00C04F79EFBC}") = "ClaseMetodos", "ClaseMetodos\ClaseMetodos.csproj", "{520D92FA-C925-4334-B65C-D9A695B6500F}"
EndProject
Global
	GlobalSection(SolutionConfigurationPlatforms) = preSolution
		Debug|Any CPU = Debug|Any CPU
		Release|Any CPU = Release|Any CPU
	EndGlobalSection
	GlobalSection(ProjectConfigurationPlatforms) = postSolution
		{520D92FA-C925-4334-B65C-D9A695B6500F}.Debug|Any CPU.ActiveCfg = Debug|Any CPU
		{520D92FA-C925-4334-B65C-D9A695B6500F}.Debug|Any CPU.Build.0 = Debug|Any CPU
		{520D92FA-C925-4334-B65C-D9A695B6500F}.Release|Any CPU.ActiveCfg = Release|Any CPU
		{520D92FA-C925-4334-B65C-D9A695B6500F}.Release|Any CPU.Build.0 = Release|Any CPU
	EndGlobalSection
	GlobalSection(SolutionProperties) = preSolution
		HideSolutionNode = FALSE
	EndGlobalSection
	GlobalSection(ExtensibilityGlobals) = postSolution
		SolutionGuid = {E5D6B353-40FD-4DBA-8CCA-AC2D16D746B8}
	EndGlobalSection
EndGlobal
